
Microsoft Visual Studio Solution File, Format Version 12.00
# Visual Studio 15
VisualStudioVersion = 15.0.26124.0
MinimumVisualStudioVersion = 15.0.26124.0
Project("{FAE04EC0-301F-11D3-BF4B-00C04F79EFBC}") = "LongStoryShort.Shared", "LongStoryShort.Shared\LongStoryShort.Shared.csproj", "{3B5774BD-39BB-45DE-A53A-15EC362833E4}"
EndProject
Project("{FAE04EC0-301F-11D3-BF4B-00C04F79EFBC}") = "LongStoryShort.DAL", "LongStoryShort.DAL\LongStoryShort.DAL.csproj", "{6FC46D49-860A-426F-89F5-B0367C1E9F34}"
EndProject
Project("{FAE04EC0-301F-11D3-BF4B-00C04F79EFBC}") = "LongStoryShort.ApplicationCore", "LongStoryShort.ApplicationCore\LongStoryShort.ApplicationCore.csproj", "{7E4A22A2-DAD5-4AF3-96FC-B726F829B06B}"
EndProject
Project("{FAE04EC0-301F-11D3-BF4B-00C04F79EFBC}") = "LongStoryShort.Console", "LongStoryShort.Console\LongStoryShort.Console.csproj", "{3875AC6B-EEBC-405A-A88F-993AD40CC7A8}"
EndProject
Project("{FAE04EC0-301F-11D3-BF4B-00C04F79EFBC}") = "LongStoryShort.Tests", "LongStoryShort.Tests\LongStoryShort.Tests.csproj", "{2267B418-6C38-4228-8250-C172DECFF79F}"
EndProject
Global
	GlobalSection(SolutionConfigurationPlatforms) = preSolution
		Debug|Any CPU = Debug|Any CPU
		Debug|x64 = Debug|x64
		Debug|x86 = Debug|x86
		Release|Any CPU = Release|Any CPU
		Release|x64 = Release|x64
		Release|x86 = Release|x86
	EndGlobalSection
	GlobalSection(SolutionProperties) = preSolution
		HideSolutionNode = FALSE
	EndGlobalSection
	GlobalSection(ProjectConfigurationPlatforms) = postSolution
		{3B5774BD-39BB-45DE-A53A-15EC362833E4}.Debug|Any CPU.ActiveCfg = Debug|Any CPU
		{3B5774BD-39BB-45DE-A53A-15EC362833E4}.Debug|Any CPU.Build.0 = Debug|Any CPU
		{3B5774BD-39BB-45DE-A53A-15EC362833E4}.Debug|x64.ActiveCfg = Debug|Any CPU
		{3B5774BD-39BB-45DE-A53A-15EC362833E4}.Debug|x64.Build.0 = Debug|Any CPU
		{3B5774BD-39BB-45DE-A53A-15EC362833E4}.Debug|x86.ActiveCfg = Debug|Any CPU
		{3B5774BD-39BB-45DE-A53A-15EC362833E4}.Debug|x86.Build.0 = Debug|Any CPU
		{3B5774BD-39BB-45DE-A53A-15EC362833E4}.Release|Any CPU.ActiveCfg = Release|Any CPU
		{3B5774BD-39BB-45DE-A53A-15EC362833E4}.Release|Any CPU.Build.0 = Release|Any CPU
		{3B5774BD-39BB-45DE-A53A-15EC362833E4}.Release|x64.ActiveCfg = Release|Any CPU
		{3B5774BD-39BB-45DE-A53A-15EC362833E4}.Release|x64.Build.0 = Release|Any CPU
		{3B5774BD-39BB-45DE-A53A-15EC362833E4}.Release|x86.ActiveCfg = Release|Any CPU
		{3B5774BD-39BB-45DE-A53A-15EC362833E4}.Release|x86.Build.0 = Release|Any CPU
		{6FC46D49-860A-426F-89F5-B0367C1E9F34}.Debug|Any CPU.ActiveCfg = Debug|Any CPU
		{6FC46D49-860A-426F-89F5-B0367C1E9F34}.Debug|Any CPU.Build.0 = Debug|Any CPU
		{6FC46D49-860A-426F-89F5-B0367C1E9F34}.Debug|x64.ActiveCfg = Debug|Any CPU
		{6FC46D49-860A-426F-89F5-B0367C1E9F34}.Debug|x64.Build.0 = Debug|Any CPU
		{6FC46D49-860A-426F-89F5-B0367C1E9F34}.Debug|x86.ActiveCfg = Debug|Any CPU
		{6FC46D49-860A-426F-89F5-B0367C1E9F34}.Debug|x86.Build.0 = Debug|Any CPU
		{6FC46D49-860A-426F-89F5-B0367C1E9F34}.Release|Any CPU.ActiveCfg = Release|Any CPU
		{6FC46D49-860A-426F-89F5-B0367C1E9F34}.Release|Any CPU.Build.0 = Release|Any CPU
		{6FC46D49-860A-426F-89F5-B0367C1E9F34}.Release|x64.ActiveCfg = Release|Any CPU
		{6FC46D49-860A-426F-89F5-B0367C1E9F34}.Release|x64.Build.0 = Release|Any CPU
		{6FC46D49-860A-426F-89F5-B0367C1E9F34}.Release|x86.ActiveCfg = Release|Any CPU
		{6FC46D49-860A-426F-89F5-B0367C1E9F34}.Release|x86.Build.0 = Release|Any CPU
		{7E4A22A2-DAD5-4AF3-96FC-B726F829B06B}.Debug|Any CPU.ActiveCfg = Debug|Any CPU
		{7E4A22A2-DAD5-4AF3-96FC-B726F829B06B}.Debug|Any CPU.Build.0 = Debug|Any CPU
		{7E4A22A2-DAD5-4AF3-96FC-B726F829B06B}.Debug|x64.ActiveCfg = Debug|Any CPU
		{7E4A22A2-DAD5-4AF3-96FC-B726F829B06B}.Debug|x64.Build.0 = Debug|Any CPU
		{7E4A22A2-DAD5-4AF3-96FC-B726F829B06B}.Debug|x86.ActiveCfg = Debug|Any CPU
		{7E4A22A2-DAD5-4AF3-96FC-B726F829B06B}.Debug|x86.Build.0 = Debug|Any CPU
		{7E4A22A2-DAD5-4AF3-96FC-B726F829B06B}.Release|Any CPU.ActiveCfg = Release|Any CPU
		{7E4A22A2-DAD5-4AF3-96FC-B726F829B06B}.Release|Any CPU.Build.0 = Release|Any CPU
		{7E4A22A2-DAD5-4AF3-96FC-B726F829B06B}.Release|x64.ActiveCfg = Release|Any CPU
		{7E4A22A2-DAD5-4AF3-96FC-B726F829B06B}.Release|x64.Build.0 = Release|Any CPU
		{7E4A22A2-DAD5-4AF3-96FC-B726F829B06B}.Release|x86.ActiveCfg = Release|Any CPU
		{7E4A22A2-DAD5-4AF3-96FC-B726F829B06B}.Release|x86.Build.0 = Release|Any CPU
		{3875AC6B-EEBC-405A-A88F-993AD40CC7A8}.Debug|Any CPU.ActiveCfg = Debug|Any CPU
		{3875AC6B-EEBC-405A-A88F-993AD40CC7A8}.Debug|Any CPU.Build.0 = Debug|Any CPU
		{3875AC6B-EEBC-405A-A88F-993AD40CC7A8}.Debug|x64.ActiveCfg = Debug|Any CPU
		{3875AC6B-EEBC-405A-A88F-993AD40CC7A8}.Debug|x64.Build.0 = Debug|Any CPU
		{3875AC6B-EEBC-405A-A88F-993AD40CC7A8}.Debug|x86.ActiveCfg = Debug|Any CPU
		{3875AC6B-EEBC-405A-A88F-993AD40CC7A8}.Debug|x86.Build.0 = Debug|Any CPU
		{3875AC6B-EEBC-405A-A88F-993AD40CC7A8}.Release|Any CPU.ActiveCfg = Release|Any CPU
		{3875AC6B-EEBC-405A-A88F-993AD40CC7A8}.Release|Any CPU.Build.0 = Release|Any CPU
		{3875AC6B-EEBC-405A-A88F-993AD40CC7A8}.Release|x64.ActiveCfg = Release|Any CPU
		{3875AC6B-EEBC-405A-A88F-993AD40CC7A8}.Release|x64.Build.0 = Release|Any CPU
		{3875AC6B-EEBC-405A-A88F-993AD40CC7A8}.Release|x86.ActiveCfg = Release|Any CPU
		{3875AC6B-EEBC-405A-A88F-993AD40CC7A8}.Release|x86.Build.0 = Release|Any CPU
		{2267B418-6C38-4228-8250-C172DECFF79F}.Debug|Any CPU.ActiveCfg = Debug|Any CPU
		{2267B418-6C38-4228-8250-C172DECFF79F}.Debug|Any CPU.Build.0 = Debug|Any CPU
		{2267B418-6C38-4228-8250-C172DECFF79F}.Debug|x64.ActiveCfg = Debug|Any CPU
		{2267B418-6C38-4228-8250-C172DECFF79F}.Debug|x64.Build.0 = Debug|Any CPU
		{2267B418-6C38-4228-8250-C172DECFF79F}.Debug|x86.ActiveCfg = Debug|Any CPU
		{2267B418-6C38-4228-8250-C172DECFF79F}.Debug|x86.Build.0 = Debug|Any CPU
		{2267B418-6C38-4228-8250-C172DECFF79F}.Release|Any CPU.ActiveCfg = Release|Any CPU
		{2267B418-6C38-4228-8250-C172DECFF79F}.Release|Any CPU.Build.0 = Release|Any CPU
		{2267B418-6C38-4228-8250-C172DECFF79F}.Release|x64.ActiveCfg = Release|Any CPU
		{2267B418-6C38-4228-8250-C172DECFF79F}.Release|x64.Build.0 = Release|Any CPU
		{2267B418-6C38-4228-8250-C172DECFF79F}.Release|x86.ActiveCfg = Release|Any CPU
		{2267B418-6C38-4228-8250-C172DECFF79F}.Release|x86.Build.0 = Release|Any CPU
	EndGlobalSection
EndGlobal
